<?xml version="1.0" encoding="utf-8"?>
<Project ToolsVersion="4.0" xmlns="http://schemas.microsoft.com/developer/msbuild/2003">
  <ItemGroup>
    <Filter Include="CPhysics">
      <UniqueIdentifier>{09a9c599-6c60-40f6-b689-c857909cb965}</UniqueIdentifier>
    </Filter>
    <Filter Include="CPhysics\Integrator">
      <UniqueIdentifier>{4FC737F1-C7A5-4376-A066-2A32D752A2FF}</UniqueIdentifier>
      <Extensions>cpp;c;cc;cxx;def;odl;idl;hpj;bat;asm;asmx</Extensions>
    </Filter>
    <Filter Include="CPhysics\Solver">
      <UniqueIdentifier>{e9ad53de-57fe-4acf-a322-4ddb49084bc5}</UniqueIdentifier>
    </Filter>
    <Filter Include="CPhysics\Interpolator">
      <UniqueIdentifier>{7dd6dcdb-73a9-4b50-b72e-c6cc50b3c385}</UniqueIdentifier>
    </Filter>
    <Filter Include="CPhysics\DifferentialSolver">
      <UniqueIdentifier>{24d12b59-644c-4c1c-9f06-2c6b7489c9c9}</UniqueIdentifier>
    </Filter>
    <Filter Include="CPhysics\Integrator\OneDimensional">
      <UniqueIdentifier>{a5363195-9c02-48f9-9466-8f1726eee5db}</UniqueIdentifier>
    </Filter>
    <Filter Include="CPhysics\Differentiator">
      <UniqueIdentifier>{c1d81e60-3683-4af3-82d7-c4e87c0402bc}</UniqueIdentifier>
    </Filter>
    <Filter Include="CPhysics\Transform">
      <UniqueIdentifier>{9c8f58fd-c5fa-43f7-93e0-038f779245ba}</UniqueIdentifier>
    </Filter>
    <Filter Include="CPhysics\Window">
      <UniqueIdentifier>{3e273d91-814c-4dff-90c5-8c45bbef474a}</UniqueIdentifier>
    </Filter>
    <Filter Include="LinearAlgebra">
      <UniqueIdentifier>{83704df6-4df1-4920-8038-19f802907f29}</UniqueIdentifier>
    </Filter>
    <Filter Include="CPhysics\Solver\SystemSolver">
      <UniqueIdentifier>{7c2d9009-9d9f-45c2-9dd7-dfa6688e5279}</UniqueIdentifier>
    </Filter>
    <Filter Include="CPhysics\DifferentialSolver\SystemSolver">
      <UniqueIdentifier>{73a34089-f838-4420-a821-9be71705ee54}</UniqueIdentifier>
    </Filter>
    <Filter Include="CPhysics\DifferentialSolver\EquationSolver">
      <UniqueIdentifier>{b312761c-32ce-4e1f-8484-2ecbdecdd730}</UniqueIdentifier>
    </Filter>
  </ItemGroup>
  <ItemGroup>
    <ClCompile Include="Solver\DichotomySolver.cpp">
      <Filter>CPhysics\Solver</Filter>
    </ClCompile>
    <ClCompile Include="Solver\NewtonSolver.cpp">
      <Filter>CPhysics\Solver</Filter>
    </ClCompile>
    <ClCompile Include="Solver\SimpleIterationsSolver.cpp">
      <Filter>CPhysics\Solver</Filter>
    </ClCompile>
    <ClCompile Include="Solver\OneDimensionalSolver.cpp">
      <Filter>CPhysics\Solver</Filter>
    </ClCompile>
    <ClCompile Include="Interpolator\BaseInterpolator.cpp">
      <Filter>CPhysics\Interpolator</Filter>
    </ClCompile>
    <ClCompile Include="Interpolator\NewtonInterpolator.cpp">
      <Filter>CPhysics\Interpolator</Filter>
    </ClCompile>
    <ClCompile Include="Integrator\OneDimensional\OneDimensionalIntegrator.cpp">
      <Filter>CPhysics\Integrator\OneDimensional</Filter>
    </ClCompile>
    <ClCompile Include="Integrator\OneDimensional\SimpsonIntegrator.cpp">
      <Filter>CPhysics\Integrator\OneDimensional</Filter>
    </ClCompile>
    <ClCompile Include="Integrator\OneDimensional\TrapezeIntegrator.cpp">
      <Filter>CPhysics\Integrator\OneDimensional</Filter>
    </ClCompile>
    <ClCompile Include="Differentiator\DividedDifference.cpp">
      <Filter>CPhysics\Differentiator</Filter>
    </ClCompile>
    <ClCompile Include="Differentiator\Differentiator.cpp">
      <Filter>CPhysics\Differentiator</Filter>
    </ClCompile>
    <ClCompile Include="Transform\FFT.cpp">
      <Filter>CPhysics\Transform</Filter>
    </ClCompile>
    <ClCompile Include="Transform\iFFT.cpp">
      <Filter>CPhysics\Transform</Filter>
    </ClCompile>
    <ClCompile Include="Window\Hanna.cpp">
      <Filter>CPhysics\Window</Filter>
    </ClCompile>
    <ClCompile Include="SystemSolver\TridiagonalSolver.cpp">
      <Filter>CPhysics\Solver\SystemSolver</Filter>
    </ClCompile>
    <ClCompile Include="DifferentialSolver\ImplicitEuler2SystemSolver.cpp">
      <Filter>CPhysics\DifferentialSolver\SystemSolver</Filter>
    </ClCompile>
    <ClCompile Include="DifferentialSolver\OrdinaryDifferentialSystemSolver.cpp">
      <Filter>CPhysics\DifferentialSolver\SystemSolver</Filter>
    </ClCompile>
    <ClCompile Include="DifferentialSolver\RungeKutta2SystemSolver.cpp">
      <Filter>CPhysics\DifferentialSolver\SystemSolver</Filter>
    </ClCompile>
    <ClCompile Include="DifferentialSolver\Euler2Solver.cpp">
      <Filter>CPhysics\DifferentialSolver\EquationSolver</Filter>
    </ClCompile>
    <ClCompile Include="DifferentialSolver\RungeKutta2Solver.cpp">
      <Filter>CPhysics\DifferentialSolver\EquationSolver</Filter>
    </ClCompile>
    <ClCompile Include="DifferentialSolver\SimpleDifferentialSolver.cpp">
      <Filter>CPhysics\DifferentialSolver\EquationSolver</Filter>
    </ClCompile>
    <ClCompile Include="DifferentialSolver\CrankNicolsonDiffuseSolver.cpp">
      <Filter>CPhysics\DifferentialSolver\SystemSolver</Filter>
    </ClCompile>
    <ClCompile Include="DifferentialSolver\SpectralProblemSolver.cpp">
      <Filter>CPhysics\DifferentialSolver\SystemSolver</Filter>
    </ClCompile>
    <ClCompile Include="DifferentialSolver\RungeKuttaSystemSolver.cpp">
      <Filter>CPhysics\DifferentialSolver\SystemSolver</Filter>
    </ClCompile>
  </ItemGroup>
  <ItemGroup>
    <ClInclude Include="Solver\ISolver.h">
      <Filter>CPhysics\Solver</Filter>
    </ClInclude>
    <ClInclude Include="Solver\DichotomySolver.h">
      <Filter>CPhysics\Solver</Filter>
    </ClInclude>
    <ClInclude Include="Solver\NewtonSolver.h">
      <Filter>CPhysics\Solver</Filter>
    </ClInclude>
    <ClInclude Include="Solver\SimpleIterationsSolver.h">
      <Filter>CPhysics\Solver</Filter>
    </ClInclude>
    <ClInclude Include="Solver\OneDimensionalSolver.h">
      <Filter>CPhysics\Solver</Filter>
    </ClInclude>
    <ClInclude Include="CPhysics.h">
      <Filter>CPhysics</Filter>
    </ClInclude>
    <ClInclude Include="Interpolator\IInterpolator.h">
      <Filter>CPhysics\Interpolator</Filter>
    </ClInclude>
    <ClInclude Include="Interpolator\BaseInterpolator.h">
      <Filter>CPhysics\Interpolator</Filter>
    </ClInclude>
    <ClInclude Include="Interpolator\NewtonInterpolator.h">
      <Filter>CPhysics\Interpolator</Filter>
    </ClInclude>
    <ClInclude Include="Integrator\IIntergator.h">
      <Filter>CPhysics\Integrator</Filter>
    </ClInclude>
    <ClInclude Include="Integrator\OneDimensional\OneDimensionalIntegrator.h">
      <Filter>CPhysics\Integrator\OneDimensional</Filter>
    </ClInclude>
    <ClInclude Include="Integrator\OneDimensional\SimpsonIntegrator.h">
      <Filter>CPhysics\Integrator\OneDimensional</Filter>
    </ClInclude>
    <ClInclude Include="Integrator\OneDimensional\TrapezeIntegrator.h">
      <Filter>CPhysics\Integrator\OneDimensional</Filter>
    </ClInclude>
    <ClInclude Include="Differentiator\DividedDifference.h">
      <Filter>CPhysics\Differentiator</Filter>
    </ClInclude>
    <ClInclude Include="Differentiator\IDividedDifference.h">
      <Filter>CPhysics\Differentiator</Filter>
    </ClInclude>
    <ClInclude Include="Differentiator\Differentiator.h">
      <Filter>CPhysics\Differentiator</Filter>
    </ClInclude>
    <ClInclude Include="Differentiator\IDifferentiator.h">
      <Filter>CPhysics\Differentiator</Filter>
    </ClInclude>
    <ClInclude Include="Transform\FFT.h">
      <Filter>CPhysics\Transform</Filter>
    </ClInclude>
    <ClInclude Include="Transform\iFFT.h">
      <Filter>CPhysics\Transform</Filter>
    </ClInclude>
    <ClInclude Include="Transform\ITransform.h">
      <Filter>CPhysics\Transform</Filter>
    </ClInclude>
    <ClInclude Include="Window\Hanna.h">
      <Filter>CPhysics\Window</Filter>
    </ClInclude>
    <ClInclude Include="Window\IWindow.h">
      <Filter>CPhysics\Window</Filter>
    </ClInclude>
    <ClInclude Include="Solver\Kramer2Solver.h">
      <Filter>CPhysics\Solver</Filter>
    </ClInclude>
    <ClInclude Include="..\LinearAlgebra\Matrix22.h">
      <Filter>LinearAlgebra</Filter>
    </ClInclude>
    <ClInclude Include="..\LinearAlgebra\Vector2.h">
      <Filter>LinearAlgebra</Filter>
    </ClInclude>
    <ClInclude Include="SystemSolver\ISystemSolver.h">
      <Filter>CPhysics\Solver\SystemSolver</Filter>
    </ClInclude>
    <ClInclude Include="SystemSolver\TridiagonalSolver.h">
      <Filter>CPhysics\Solver\SystemSolver</Filter>
    </ClInclude>
    <ClInclude Include="DifferentialSolver\IDifferentialSystemSolver.h">
      <Filter>CPhysics\DifferentialSolver\SystemSolver</Filter>
    </ClInclude>
    <ClInclude Include="DifferentialSolver\ImplicitEuler2SystemSolver.h">
      <Filter>CPhysics\DifferentialSolver\SystemSolver</Filter>
    </ClInclude>
    <ClInclude Include="DifferentialSolver\OrdinaryDifferentialSystemSolver.h">
      <Filter>CPhysics\DifferentialSolver\SystemSolver</Filter>
    </ClInclude>
    <ClInclude Include="DifferentialSolver\RungeKutta2SystemSolver.h">
      <Filter>CPhysics\DifferentialSolver\SystemSolver</Filter>
    </ClInclude>
    <ClInclude Include="DifferentialSolver\Euler2Solver.h">
      <Filter>CPhysics\DifferentialSolver\EquationSolver</Filter>
    </ClInclude>
    <ClInclude Include="DifferentialSolver\RungeKutta2Solver.h">
      <Filter>CPhysics\DifferentialSolver\EquationSolver</Filter>
    </ClInclude>
    <ClInclude Include="DifferentialSolver\SimpleDifferentialSolver.h">
      <Filter>CPhysics\DifferentialSolver\EquationSolver</Filter>
    </ClInclude>
    <ClInclude Include="DifferentialSolver\CrankNicolsonDiffuseSolver.h">
      <Filter>CPhysics\DifferentialSolver\SystemSolver</Filter>
    </ClInclude>
    <ClInclude Include="DifferentialSolver\SpectralProblemSolver.h">
      <Filter>CPhysics\DifferentialSolver\SystemSolver</Filter>
    </ClInclude>
    <ClInclude Include="DifferentialSolver\RungeKuttaSystemSolver.h">
      <Filter>CPhysics\DifferentialSolver\SystemSolver</Filter>
    </ClInclude>
    <ClInclude Include="..\LinearAlgebra\Vector3.h">
      <Filter>LinearAlgebra</Filter>
    </ClInclude>
    <ClInclude Include="..\LinearAlgebra\Matrix33.h">
      <Filter>LinearAlgebra</Filter>
    </ClInclude>
  </ItemGroup>
</Project>