<?xml version="1.0" encoding="utf-8"?>
<Project ToolsVersion="4.0" xmlns="http://schemas.microsoft.com/developer/msbuild/2003">
  <ItemGroup>
    <Filter Include="CPhysics">
      <UniqueIdentifier>{09a9c599-6c60-40f6-b689-c857909cb965}</UniqueIdentifier>
    </Filter>
    <Filter Include="CPhysics\Integrator">
      <UniqueIdentifier>{4FC737F1-C7A5-4376-A066-2A32D752A2FF}</UniqueIdentifier>
      <Extensions>cpp;c;cc;cxx;def;odl;idl;hpj;bat;asm;asmx</Extensions>
    </Filter>
    <Filter Include="CPhysics\Solver">
      <UniqueIdentifier>{e9ad53de-57fe-4acf-a322-4ddb49084bc5}</UniqueIdentifier>
    </Filter>
    <Filter Include="CPhysics\Interpolator">
      <UniqueIdentifier>{7dd6dcdb-73a9-4b50-b72e-c6cc50b3c385}</UniqueIdentifier>
    </Filter>
  </ItemGroup>
  <ItemGroup>
    <ClCompile Include="Integrator\SimpsonIntegrator.cpp">
      <Filter>CPhysics\Integrator</Filter>
    </ClCompile>
    <ClCompile Include="Integrator\TrapezeIntegrator.cpp">
      <Filter>CPhysics\Integrator</Filter>
    </ClCompile>
    <ClCompile Include="Solver\DichotomySolver.cpp">
      <Filter>CPhysics\Solver</Filter>
    </ClCompile>
    <ClCompile Include="Solver\NewtonSolver.cpp">
      <Filter>CPhysics\Solver</Filter>
    </ClCompile>
    <ClCompile Include="Solver\SimpleIterationsSolver.cpp">
      <Filter>CPhysics\Solver</Filter>
    </ClCompile>
    <ClCompile Include="Solver\OneDimensionalSolver.cpp">
      <Filter>CPhysics\Solver</Filter>
    </ClCompile>
    <ClCompile Include="Integrator\OneDimensionalIntegrator.cpp">
      <Filter>CPhysics\Integrator</Filter>
    </ClCompile>
    <ClCompile Include="Interpolator\BaseInterpolator.cpp">
      <Filter>CPhysics\Interpolator</Filter>
    </ClCompile>
    <ClCompile Include="Interpolator\NewtonInterpolator.cpp">
      <Filter>CPhysics\Interpolator</Filter>
    </ClCompile>
  </ItemGroup>
  <ItemGroup>
    <ClInclude Include="Solver\ISolver.h">
      <Filter>CPhysics\Solver</Filter>
    </ClInclude>
    <ClInclude Include="Integrator\Intergator.h">
      <Filter>CPhysics\Integrator</Filter>
    </ClInclude>
    <ClInclude Include="Integrator\SimpsonIntegrator.h">
      <Filter>CPhysics\Integrator</Filter>
    </ClInclude>
    <ClInclude Include="Integrator\TrapezeIntegrator.h">
      <Filter>CPhysics\Integrator</Filter>
    </ClInclude>
    <ClInclude Include="Solver\DichotomySolver.h">
      <Filter>CPhysics\Solver</Filter>
    </ClInclude>
    <ClInclude Include="Solver\NewtonSolver.h">
      <Filter>CPhysics\Solver</Filter>
    </ClInclude>
    <ClInclude Include="Solver\SimpleIterationsSolver.h">
      <Filter>CPhysics\Solver</Filter>
    </ClInclude>
    <ClInclude Include="Solver\OneDimensionalSolver.h">
      <Filter>CPhysics\Solver</Filter>
    </ClInclude>
    <ClInclude Include="Integrator\OneDimensionalIntegrator.h">
      <Filter>CPhysics\Integrator</Filter>
    </ClInclude>
    <ClInclude Include="CPhysics.h">
      <Filter>CPhysics</Filter>
    </ClInclude>
    <ClInclude Include="Interpolator\IInterpolator.h">
      <Filter>CPhysics\Interpolator</Filter>
    </ClInclude>
    <ClInclude Include="Interpolator\BaseInterpolator.h">
      <Filter>CPhysics\Interpolator</Filter>
    </ClInclude>
    <ClInclude Include="Interpolator\NewtonInterpolator.h">
      <Filter>CPhysics\Interpolator</Filter>
    </ClInclude>
  </ItemGroup>
</Project>