<?xml version="1.0" encoding="utf-8"?>
<Project ToolsVersion="4.0" xmlns="http://schemas.microsoft.com/developer/msbuild/2003">
  <ItemGroup>
    <Filter Include="Resource Files">
      <UniqueIdentifier>{D9D6E242-F8AF-46E4-B9FD-80ECBC20BA3E}</UniqueIdentifier>
      <Extensions>qrc;*</Extensions>
      <ParseFiles>false</ParseFiles>
    </Filter>
    <Filter Include="Tasks">
      <UniqueIdentifier>{4FC737F1-C7A5-4376-A066-2A32D752A2FF}</UniqueIdentifier>
      <Extensions>cpp;c;cc;cxx;def;odl;idl;hpj;bat;asm;asmx</Extensions>
    </Filter>
    <Filter Include="Tasks\ViveExploartion">
      <UniqueIdentifier>{4f446e52-0b81-4eb0-995b-5c55aae35324}</UniqueIdentifier>
    </Filter>
    <Filter Include="Tasks\PlotterTest">
      <UniqueIdentifier>{3ff583b0-3689-40a5-a2c7-4f8c24ba1809}</UniqueIdentifier>
    </Filter>
  </ItemGroup>
  <ItemGroup>
    <ClCompile Include="ViveExploration\ViveExplore.cpp">
      <Filter>Tasks\ViveExploartion</Filter>
    </ClCompile>
    <ClCompile Include="ViveExploration\PointTransformer.cpp">
      <Filter>Tasks\ViveExploartion</Filter>
    </ClCompile>
    <ClCompile Include="ViveExploration\Stream\Pipe.cpp">
      <Filter>Tasks</Filter>
    </ClCompile>
    <ClCompile Include="ViveExploration\Stream\TcpStream.cpp">
      <Filter>Tasks</Filter>
    </ClCompile>
    <ClCompile Include="ViveExploration\ViveExploreBase.cpp">
      <Filter>Tasks</Filter>
    </ClCompile>
    <ClCompile Include="ViveExploration\ViveExploreFilter.cpp">
      <Filter>Tasks</Filter>
    </ClCompile>
    <ClCompile Include="Source.cpp">
      <Filter>Tasks</Filter>
    </ClCompile>
    <ClCompile Include="PolhemusExplore\PolhemusExplore.cpp">
      <Filter>Tasks</Filter>
    </ClCompile>
  </ItemGroup>
  <ItemGroup>
    <ClInclude Include="ViveExploration\ViveExplore.h">
      <Filter>Tasks\ViveExploartion</Filter>
    </ClInclude>
    <ClInclude Include="ViveExploration\PointTransformer.h">
      <Filter>Tasks\ViveExploartion</Filter>
    </ClInclude>
    <ClInclude Include="ViveExploration\Point.h">
      <Filter>Tasks\ViveExploartion</Filter>
    </ClInclude>
    <ClInclude Include="PlotterTest\SinglePlotTest.h">
      <Filter>Tasks\PlotterTest</Filter>
    </ClInclude>
    <ClInclude Include="PlotterTest\DoubleRowTestBase.h">
      <Filter>Tasks\PlotterTest</Filter>
    </ClInclude>
    <ClInclude Include="PlotterTest\DoubleDoubleTest.h">
      <Filter>Tasks\PlotterTest</Filter>
    </ClInclude>
    <ClInclude Include="ViveExploration\Stream\Pipe.h" />
    <ClInclude Include="ViveExploration\Stream\Stream.h" />
    <ClInclude Include="ViveExploration\Stream\TcpStream.h" />
    <ClInclude Include="ViveExploration\ViveExploreBase.h" />
    <ClInclude Include="ViveExploration\ViveExploreFilter.h" />
    <ClInclude Include="ITask.h" />
    <ClInclude Include="Steering.h" />
    <ClInclude Include="PolhemusExplore\PolhemusExplore.h" />
    <ClInclude Include="ViveExploration\Kalman.h" />
  </ItemGroup>
</Project>