<?xml version="1.0" encoding="utf-8"?>
<Project ToolsVersion="4.0" xmlns="http://schemas.microsoft.com/developer/msbuild/2003">
  <ItemGroup>
    <Filter Include="Resource Files">
      <UniqueIdentifier>{D9D6E242-F8AF-46E4-B9FD-80ECBC20BA3E}</UniqueIdentifier>
      <Extensions>qrc;*</Extensions>
      <ParseFiles>false</ParseFiles>
    </Filter>
    <Filter Include="Tasks">
      <UniqueIdentifier>{4FC737F1-C7A5-4376-A066-2A32D752A2FF}</UniqueIdentifier>
      <Extensions>cpp;c;cc;cxx;def;odl;idl;hpj;bat;asm;asmx</Extensions>
    </Filter>
    <Filter Include="Tasks\ViveExploartion">
      <UniqueIdentifier>{4f446e52-0b81-4eb0-995b-5c55aae35324}</UniqueIdentifier>
    </Filter>
  </ItemGroup>
  <ItemGroup>
    <ClCompile Include="OneDimensionalIntegratorFacade.cpp">
      <Filter>Tasks</Filter>
    </ClCompile>
    <ClCompile Include="Source.cpp">
      <Filter>Tasks</Filter>
    </ClCompile>
    <ClCompile Include="ViveExploration\ViveExplore.cpp">
      <Filter>Tasks\ViveExploartion</Filter>
    </ClCompile>
  </ItemGroup>
  <ItemGroup>
    <ClInclude Include="OneDimensionalIntegratorFacade.h">
      <Filter>Tasks</Filter>
    </ClInclude>
    <ClInclude Include="Task2.h">
      <Filter>Tasks</Filter>
    </ClInclude>
    <ClInclude Include="Task3.h">
      <Filter>Tasks</Filter>
    </ClInclude>
    <ClInclude Include="Task4.h">
      <Filter>Tasks</Filter>
    </ClInclude>
    <ClInclude Include="task7.h">
      <Filter>Tasks</Filter>
    </ClInclude>
    <ClInclude Include="CVPlotExamples.h">
      <Filter>Tasks</Filter>
    </ClInclude>
    <ClInclude Include="ITask.h">
      <Filter>Tasks</Filter>
    </ClInclude>
    <ClInclude Include="IntegratorsTaskBase.h">
      <Filter>Tasks</Filter>
    </ClInclude>
    <ClInclude Include="Task5.h">
      <Filter>Tasks</Filter>
    </ClInclude>
    <ClInclude Include="Task6.h">
      <Filter>Tasks</Filter>
    </ClInclude>
    <ClInclude Include="Task8.h">
      <Filter>Tasks</Filter>
    </ClInclude>
    <ClInclude Include="Task9.h">
      <Filter>Tasks</Filter>
    </ClInclude>
    <ClInclude Include="Steering.h">
      <Filter>Tasks</Filter>
    </ClInclude>
    <ClInclude Include="Task13.h">
      <Filter>Tasks</Filter>
    </ClInclude>
    <ClInclude Include="Task12.h">
      <Filter>Tasks</Filter>
    </ClInclude>
    <ClInclude Include="Task10.h">
      <Filter>Tasks</Filter>
    </ClInclude>
    <ClInclude Include="Task11.h">
      <Filter>Tasks</Filter>
    </ClInclude>
    <ClInclude Include="DTask2.h">
      <Filter>Tasks</Filter>
    </ClInclude>
    <ClInclude Include="bigtask17.h">
      <Filter>Tasks</Filter>
    </ClInclude>
    <ClInclude Include="Task14.h">
      <Filter>Tasks</Filter>
    </ClInclude>
    <ClInclude Include="RuntimePlotExample.h">
      <Filter>Tasks</Filter>
    </ClInclude>
    <ClInclude Include="ViveExploration\Pipe.h">
      <Filter>Tasks\ViveExploartion</Filter>
    </ClInclude>
    <ClInclude Include="ViveExploration\ViveExplore.h">
      <Filter>Tasks\ViveExploartion</Filter>
    </ClInclude>
  </ItemGroup>
</Project>