<?xml version="1.0" encoding="utf-8"?>
<Project ToolsVersion="4.0" xmlns="http://schemas.microsoft.com/developer/msbuild/2003">
  <ItemGroup>
    <Filter Include="CVPlot">
      <UniqueIdentifier>{99349809-55BA-4b9d-BF79-8FDBB0286EB3}</UniqueIdentifier>
      <Extensions>ui</Extensions>
    </Filter>
    <Filter Include="CVPlot\Interface">
      <UniqueIdentifier>{93995380-89BD-4b04-88EB-625FBE52EBFB}</UniqueIdentifier>
      <Extensions>h;hh;hpp;hxx;hm;inl;inc;xsd</Extensions>
      <ParseFiles>true</ParseFiles>
    </Filter>
    <Filter Include="CVPlot2">
      <UniqueIdentifier>{a6c52b60-d805-4356-856d-efca754914bb}</UniqueIdentifier>
    </Filter>
  </ItemGroup>
  <ItemGroup>
    <ClCompile Include="CVPlot\CVPlot.cpp">
      <Filter>CVPlot</Filter>
    </ClCompile>
    <ClCompile Include="CVPlot2\CVPlot2.cpp">
      <Filter>CVPlot2</Filter>
    </ClCompile>
  </ItemGroup>
  <ItemGroup>
    <ClInclude Include="IPlot.h">
      <Filter>CVPlot\Interface</Filter>
    </ClInclude>
    <ClInclude Include="CVPlot\CVPlot.h">
      <Filter>CVPlot</Filter>
    </ClInclude>
    <ClInclude Include="CVPlot2\CVPlot2.h">
      <Filter>CVPlot2</Filter>
    </ClInclude>
  </ItemGroup>
</Project>