<?xml version="1.0" encoding="utf-8"?>
<Project ToolsVersion="4.0" xmlns="http://schemas.microsoft.com/developer/msbuild/2003">
  <ItemGroup>
    <Filter Include="CVPlot">
      <UniqueIdentifier>{99349809-55BA-4b9d-BF79-8FDBB0286EB3}</UniqueIdentifier>
      <Extensions>ui</Extensions>
    </Filter>
    <Filter Include="Interface">
      <UniqueIdentifier>{93995380-89BD-4b04-88EB-625FBE52EBFB}</UniqueIdentifier>
      <Extensions>h;hh;hpp;hxx;hm;inl;inc;xsd</Extensions>
      <ParseFiles>true</ParseFiles>
    </Filter>
  </ItemGroup>
  <ItemGroup>
    <ClCompile Include="CVPlot\CvPlot.cpp">
      <Filter>CVPlot</Filter>
    </ClCompile>
    <ClCompile Include="CVPlot\CvFigure.cpp">
      <Filter>CVPlot</Filter>
    </ClCompile>
  </ItemGroup>
  <ItemGroup>
    <ClInclude Include="CVPlot\CvPlot.h">
      <Filter>CVPlot</Filter>
    </ClInclude>
    <ClInclude Include="Interface\Figure.h">
      <Filter>Interface</Filter>
    </ClInclude>
    <ClInclude Include="Interface\Plot.h">
      <Filter>Interface</Filter>
    </ClInclude>
    <ClInclude Include="Interface\FigureProperties.h">
      <Filter>Interface</Filter>
    </ClInclude>
    <ClInclude Include="CVPlot\CvFigure.h">
      <Filter>CVPlot</Filter>
    </ClInclude>
  </ItemGroup>
</Project>